// !$*UTF8*$!
{
	archiveVersion = 1;
	classes = {
	};
	objectVersion = 48;
	objects = {

/* Begin PBXBuildFile section */
		F19FFBE02017177500A36523 /* AppDelegate.swift in Sources */ = {isa = PBXBuildFile; fileRef = F19FFBDF2017177500A36523 /* AppDelegate.swift */; };
		F19FFBE32017177600A36523 /* Assets.xcassets in Resources */ = {isa = PBXBuildFile; fileRef = F19FFBE22017177600A36523 /* Assets.xcassets */; };
		F19FFBEE2017177600A36523 /* BereanBibleTests.swift in Sources */ = {isa = PBXBuildFile; fileRef = F19FFBED2017177600A36523 /* BereanBibleTests.swift */; };
		F19FFBF92017177600A36523 /* BereanBibleUITests.swift in Sources */ = {isa = PBXBuildFile; fileRef = F19FFBF82017177600A36523 /* BereanBibleUITests.swift */; };
/* End PBXBuildFile section */

/* Begin PBXContainerItemProxy section */
		F19FFBEA2017177600A36523 /* PBXContainerItemProxy */ = {
			isa = PBXContainerItemProxy;
			containerPortal = F19FFBD42017177500A36523 /* Project object */;
			proxyType = 1;
			remoteGlobalIDString = F19FFBDB2017177500A36523;
			remoteInfo = BereanBible;
		};
		F19FFBF52017177600A36523 /* PBXContainerItemProxy */ = {
			isa = PBXContainerItemProxy;
			containerPortal = F19FFBD42017177500A36523 /* Project object */;
			proxyType = 1;
			remoteGlobalIDString = F19FFBDB2017177500A36523;
			remoteInfo = BereanBible;
		};
/* End PBXContainerItemProxy section */

/* Begin PBXFileReference section */
		F19FFBDC2017177500A36523 /* BereanBible.app */ = {isa = PBXFileReference; explicitFileType = wrapper.application; includeInIndex = 0; path = BereanBible.app; sourceTree = BUILT_PRODUCTS_DIR; };
		F19FFBDF2017177500A36523 /* AppDelegate.swift */ = {isa = PBXFileReference; lastKnownFileType = sourcecode.swift; path = AppDelegate.swift; sourceTree = "<group>"; };
		F19FFBE12017177500A36523 /* application.js */ = {isa = PBXFileReference; lastKnownFileType = sourcecode.javascript; path = application.js; sourceTree = "<group>"; };
		F19FFBE22017177600A36523 /* Assets.xcassets */ = {isa = PBXFileReference; lastKnownFileType = folder.assetcatalog; path = Assets.xcassets; sourceTree = "<group>"; };
		F19FFBE42017177600A36523 /* Info.plist */ = {isa = PBXFileReference; lastKnownFileType = text.plist.xml; path = Info.plist; sourceTree = "<group>"; };
		F19FFBE92017177600A36523 /* BereanBibleTests.xctest */ = {isa = PBXFileReference; explicitFileType = wrapper.cfbundle; includeInIndex = 0; path = BereanBibleTests.xctest; sourceTree = BUILT_PRODUCTS_DIR; };
		F19FFBED2017177600A36523 /* BereanBibleTests.swift */ = {isa = PBXFileReference; lastKnownFileType = sourcecode.swift; path = BereanBibleTests.swift; sourceTree = "<group>"; };
		F19FFBEF2017177600A36523 /* Info.plist */ = {isa = PBXFileReference; lastKnownFileType = text.plist.xml; path = Info.plist; sourceTree = "<group>"; };
		F19FFBF42017177600A36523 /* BereanBibleUITests.xctest */ = {isa = PBXFileReference; explicitFileType = wrapper.cfbundle; includeInIndex = 0; path = BereanBibleUITests.xctest; sourceTree = BUILT_PRODUCTS_DIR; };
		F19FFBF82017177600A36523 /* BereanBibleUITests.swift */ = {isa = PBXFileReference; lastKnownFileType = sourcecode.swift; path = BereanBibleUITests.swift; sourceTree = "<group>"; };
		F19FFBFA2017177600A36523 /* Info.plist */ = {isa = PBXFileReference; lastKnownFileType = text.plist.xml; path = Info.plist; sourceTree = "<group>"; };
/* End PBXFileReference section */

/* Begin PBXFrameworksBuildPhase section */
		F19FFBD92017177500A36523 /* Frameworks */ = {
			isa = PBXFrameworksBuildPhase;
			buildActionMask = 2147483647;
			files = (
			);
			runOnlyForDeploymentPostprocessing = 0;
		};
		F19FFBE62017177600A36523 /* Frameworks */ = {
			isa = PBXFrameworksBuildPhase;
			buildActionMask = 2147483647;
			files = (
			);
			runOnlyForDeploymentPostprocessing = 0;
		};
		F19FFBF12017177600A36523 /* Frameworks */ = {
			isa = PBXFrameworksBuildPhase;
			buildActionMask = 2147483647;
			files = (
			);
			runOnlyForDeploymentPostprocessing = 0;
		};
/* End PBXFrameworksBuildPhase section */

/* Begin PBXGroup section */
		F19FFBD32017177500A36523 = {
			isa = PBXGroup;
			children = (
				F19FFBDE2017177500A36523 /* BereanBible */,
				F19FFBEC2017177600A36523 /* BereanBibleTests */,
				F19FFBF72017177600A36523 /* BereanBibleUITests */,
				F19FFBDD2017177500A36523 /* Products */,
			);
			sourceTree = "<group>";
		};
		F19FFBDD2017177500A36523 /* Products */ = {
			isa = PBXGroup;
			children = (
				F19FFBDC2017177500A36523 /* BereanBible.app */,
				F19FFBE92017177600A36523 /* BereanBibleTests.xctest */,
				F19FFBF42017177600A36523 /* BereanBibleUITests.xctest */,
			);
			name = Products;
			sourceTree = "<group>";
		};
		F19FFBDE2017177500A36523 /* BereanBible */ = {
			isa = PBXGroup;
			children = (
				F19FFBDF2017177500A36523 /* AppDelegate.swift */,
				F19FFBE12017177500A36523 /* application.js */,
				F19FFBE22017177600A36523 /* Assets.xcassets */,
				F19FFBE42017177600A36523 /* Info.plist */,
			);
			path = BereanBible;
			sourceTree = "<group>";
		};
		F19FFBEC2017177600A36523 /* BereanBibleTests */ = {
			isa = PBXGroup;
			children = (
				F19FFBED2017177600A36523 /* BereanBibleTests.swift */,
				F19FFBEF2017177600A36523 /* Info.plist */,
			);
			path = BereanBibleTests;
			sourceTree = "<group>";
		};
		F19FFBF72017177600A36523 /* BereanBibleUITests */ = {
			isa = PBXGroup;
			children = (
				F19FFBF82017177600A36523 /* BereanBibleUITests.swift */,
				F19FFBFA2017177600A36523 /* Info.plist */,
			);
			path = BereanBibleUITests;
			sourceTree = "<group>";
		};
/* End PBXGroup section */

/* Begin PBXNativeTarget section */
		F19FFBDB2017177500A36523 /* BereanBible */ = {
			isa = PBXNativeTarget;
			buildConfigurationList = F19FFBFD2017177600A36523 /* Build configuration list for PBXNativeTarget "BereanBible" */;
			buildPhases = (
				F19FFBD82017177500A36523 /* Sources */,
				F19FFBD92017177500A36523 /* Frameworks */,
				F19FFBDA2017177500A36523 /* Resources */,
			);
			buildRules = (
			);
			dependencies = (
			);
			name = BereanBible;
			productName = BereanBible;
			productReference = F19FFBDC2017177500A36523 /* BereanBible.app */;
			productType = "com.apple.product-type.application";
		};
		F19FFBE82017177600A36523 /* BereanBibleTests */ = {
			isa = PBXNativeTarget;
			buildConfigurationList = F19FFC002017177600A36523 /* Build configuration list for PBXNativeTarget "BereanBibleTests" */;
			buildPhases = (
				F19FFBE52017177600A36523 /* Sources */,
				F19FFBE62017177600A36523 /* Frameworks */,
				F19FFBE72017177600A36523 /* Resources */,
			);
			buildRules = (
			);
			dependencies = (
				F19FFBEB2017177600A36523 /* PBXTargetDependency */,
			);
			name = BereanBibleTests;
			productName = BereanBibleTests;
			productReference = F19FFBE92017177600A36523 /* BereanBibleTests.xctest */;
			productType = "com.apple.product-type.bundle.unit-test";
		};
		F19FFBF32017177600A36523 /* BereanBibleUITests */ = {
			isa = PBXNativeTarget;
			buildConfigurationList = F19FFC032017177600A36523 /* Build configuration list for PBXNativeTarget "BereanBibleUITests" */;
			buildPhases = (
				F19FFBF02017177600A36523 /* Sources */,
				F19FFBF12017177600A36523 /* Frameworks */,
				F19FFBF22017177600A36523 /* Resources */,
			);
			buildRules = (
			);
			dependencies = (
				F19FFBF62017177600A36523 /* PBXTargetDependency */,
			);
			name = BereanBibleUITests;
			productName = BereanBibleUITests;
			productReference = F19FFBF42017177600A36523 /* BereanBibleUITests.xctest */;
			productType = "com.apple.product-type.bundle.ui-testing";
		};
/* End PBXNativeTarget section */

/* Begin PBXProject section */
		F19FFBD42017177500A36523 /* Project object */ = {
			isa = PBXProject;
			attributes = {
				KnownAssetTags = (
					New,
				);
				LastSwiftUpdateCheck = 0900;
				LastUpgradeCheck = 0900;
				ORGANIZATIONNAME = UBC;
				TargetAttributes = {
					F19FFBDB2017177500A36523 = {
						CreatedOnToolsVersion = 9.0.1;
						ProvisioningStyle = Automatic;
					};
					F19FFBE82017177600A36523 = {
						CreatedOnToolsVersion = 9.0.1;
						ProvisioningStyle = Automatic;
						TestTargetID = F19FFBDB2017177500A36523;
					};
					F19FFBF32017177600A36523 = {
						CreatedOnToolsVersion = 9.0.1;
						ProvisioningStyle = Automatic;
						TestTargetID = F19FFBDB2017177500A36523;
					};
				};
			};
			buildConfigurationList = F19FFBD72017177500A36523 /* Build configuration list for PBXProject "BereanBible" */;
			compatibilityVersion = "Xcode 8.0";
			developmentRegion = en;
			hasScannedForEncodings = 0;
			knownRegions = (
				en,
			);
			mainGroup = F19FFBD32017177500A36523;
			productRefGroup = F19FFBDD2017177500A36523 /* Products */;
			projectDirPath = "";
			projectRoot = "";
			targets = (
				F19FFBDB2017177500A36523 /* BereanBible */,
				F19FFBE82017177600A36523 /* BereanBibleTests */,
				F19FFBF32017177600A36523 /* BereanBibleUITests */,
			);
		};
/* End PBXProject section */

/* Begin PBXResourcesBuildPhase section */
		F19FFBDA2017177500A36523 /* Resources */ = {
			isa = PBXResourcesBuildPhase;
			buildActionMask = 2147483647;
			files = (
				F19FFBE32017177600A36523 /* Assets.xcassets in Resources */,
			);
			runOnlyForDeploymentPostprocessing = 0;
		};
		F19FFBE72017177600A36523 /* Resources */ = {
			isa = PBXResourcesBuildPhase;
			buildActionMask = 2147483647;
			files = (
			);
			runOnlyForDeploymentPostprocessing = 0;
		};
		F19FFBF22017177600A36523 /* Resources */ = {
			isa = PBXResourcesBuildPhase;
			buildActionMask = 2147483647;
			files = (
			);
			runOnlyForDeploymentPostprocessing = 0;
		};
/* End PBXResourcesBuildPhase section */

/* Begin PBXSourcesBuildPhase section */
		F19FFBD82017177500A36523 /* Sources */ = {
			isa = PBXSourcesBuildPhase;
			buildActionMask = 2147483647;
			files = (
				F19FFBE02017177500A36523 /* AppDelegate.swift in Sources */,
			);
			runOnlyForDeploymentPostprocessing = 0;
		};
		F19FFBE52017177600A36523 /* Sources */ = {
			isa = PBXSourcesBuildPhase;
			buildActionMask = 2147483647;
			files = (
				F19FFBEE2017177600A36523 /* BereanBibleTests.swift in Sources */,
			);
			runOnlyForDeploymentPostprocessing = 0;
		};
		F19FFBF02017177600A36523 /* Sources */ = {
			isa = PBXSourcesBuildPhase;
			buildActionMask = 2147483647;
			files = (
				F19FFBF92017177600A36523 /* BereanBibleUITests.swift in Sources */,
			);
			runOnlyForDeploymentPostprocessing = 0;
		};
/* End PBXSourcesBuildPhase section */

/* Begin PBXTargetDependency section */
		F19FFBEB2017177600A36523 /* PBXTargetDependency */ = {
			isa = PBXTargetDependency;
			target = F19FFBDB2017177500A36523 /* BereanBible */;
			targetProxy = F19FFBEA2017177600A36523 /* PBXContainerItemProxy */;
		};
		F19FFBF62017177600A36523 /* PBXTargetDependency */ = {
			isa = PBXTargetDependency;
			target = F19FFBDB2017177500A36523 /* BereanBible */;
			targetProxy = F19FFBF52017177600A36523 /* PBXContainerItemProxy */;
		};
/* End PBXTargetDependency section */

/* Begin XCBuildConfiguration section */
		F19FFBFB2017177600A36523 /* Debug */ = {
			isa = XCBuildConfiguration;
			buildSettings = {
				ALWAYS_SEARCH_USER_PATHS = NO;
				CLANG_ANALYZER_NONNULL = YES;
				CLANG_ANALYZER_NUMBER_OBJECT_CONVERSION = YES_AGGRESSIVE;
				CLANG_CXX_LANGUAGE_STANDARD = "gnu++14";
				CLANG_CXX_LIBRARY = "libc++";
				CLANG_ENABLE_MODULES = YES;
				CLANG_ENABLE_OBJC_ARC = YES;
				CLANG_WARN_BLOCK_CAPTURE_AUTORELEASING = YES;
				CLANG_WARN_BOOL_CONVERSION = YES;
				CLANG_WARN_COMMA = YES;
				CLANG_WARN_CONSTANT_CONVERSION = YES;
				CLANG_WARN_DIRECT_OBJC_ISA_USAGE = YES_ERROR;
				CLANG_WARN_DOCUMENTATION_COMMENTS = YES;
				CLANG_WARN_EMPTY_BODY = YES;
				CLANG_WARN_ENUM_CONVERSION = YES;
				CLANG_WARN_INFINITE_RECURSION = YES;
				CLANG_WARN_INT_CONVERSION = YES;
				CLANG_WARN_NON_LITERAL_NULL_CONVERSION = YES;
				CLANG_WARN_OBJC_LITERAL_CONVERSION = YES;
				CLANG_WARN_OBJC_ROOT_CLASS = YES_ERROR;
				CLANG_WARN_RANGE_LOOP_ANALYSIS = YES;
				CLANG_WARN_STRICT_PROTOTYPES = YES;
				CLANG_WARN_SUSPICIOUS_MOVE = YES;
				CLANG_WARN_UNGUARDED_AVAILABILITY = YES_AGGRESSIVE;
				CLANG_WARN_UNREACHABLE_CODE = YES;
				CLANG_WARN__DUPLICATE_METHOD_MATCH = YES;
				COPY_PHASE_STRIP = NO;
				DEBUG_INFORMATION_FORMAT = dwarf;
				ENABLE_STRICT_OBJC_MSGSEND = YES;
				ENABLE_TESTABILITY = YES;
				GCC_C_LANGUAGE_STANDARD = gnu11;
				GCC_DYNAMIC_NO_PIC = NO;
				GCC_NO_COMMON_BLOCKS = YES;
				GCC_OPTIMIZATION_LEVEL = 0;
				GCC_PREPROCESSOR_DEFINITIONS = (
					"DEBUG=1",
					"$(inherited)",
				);
				GCC_WARN_64_TO_32_BIT_CONVERSION = YES;
				GCC_WARN_ABOUT_RETURN_TYPE = YES_ERROR;
				GCC_WARN_UNDECLARED_SELECTOR = YES;
				GCC_WARN_UNINITIALIZED_AUTOS = YES_AGGRESSIVE;
				GCC_WARN_UNUSED_FUNCTION = YES;
				GCC_WARN_UNUSED_VARIABLE = YES;
				MTL_ENABLE_DEBUG_INFO = YES;
				ONLY_ACTIVE_ARCH = YES;
				SDKROOT = appletvos;
				SWIFT_ACTIVE_COMPILATION_CONDITIONS = DEBUG;
				SWIFT_OPTIMIZATION_LEVEL = "-Onone";
				TVOS_DEPLOYMENT_TARGET = 11.0;
			};
			name = Debug;
		};
		F19FFBFC2017177600A36523 /* Release */ = {
			isa = XCBuildConfiguration;
			buildSettings = {
				ALWAYS_SEARCH_USER_PATHS = NO;
				CLANG_ANALYZER_NONNULL = YES;
				CLANG_ANALYZER_NUMBER_OBJECT_CONVERSION = YES_AGGRESSIVE;
				CLANG_CXX_LANGUAGE_STANDARD = "gnu++14";
				CLANG_CXX_LIBRARY = "libc++";
				CLANG_ENABLE_MODULES = YES;
				CLANG_ENABLE_OBJC_ARC = YES;
				CLANG_WARN_BLOCK_CAPTURE_AUTORELEASING = YES;
				CLANG_WARN_BOOL_CONVERSION = YES;
				CLANG_WARN_COMMA = YES;
				CLANG_WARN_CONSTANT_CONVERSION = YES;
				CLANG_WARN_DIRECT_OBJC_ISA_USAGE = YES_ERROR;
				CLANG_WARN_DOCUMENTATION_COMMENTS = YES;
				CLANG_WARN_EMPTY_BODY = YES;
				CLANG_WARN_ENUM_CONVERSION = YES;
				CLANG_WARN_INFINITE_RECURSION = YES;
				CLANG_WARN_INT_CONVERSION = YES;
				CLANG_WARN_NON_LITERAL_NULL_CONVERSION = YES;
				CLANG_WARN_OBJC_LITERAL_CONVERSION = YES;
				CLANG_WARN_OBJC_ROOT_CLASS = YES_ERROR;
				CLANG_WARN_RANGE_LOOP_ANALYSIS = YES;
				CLANG_WARN_STRICT_PROTOTYPES = YES;
				CLANG_WARN_SUSPICIOUS_MOVE = YES;
				CLANG_WARN_UNGUARDED_AVAILABILITY = YES_AGGRESSIVE;
				CLANG_WARN_UNREACHABLE_CODE = YES;
				CLANG_WARN__DUPLICATE_METHOD_MATCH = YES;
				COPY_PHASE_STRIP = NO;
				DEBUG_INFORMATION_FORMAT = "dwarf-with-dsym";
				ENABLE_NS_ASSERTIONS = NO;
				ENABLE_STRICT_OBJC_MSGSEND = YES;
				GCC_C_LANGUAGE_STANDARD = gnu11;
				GCC_NO_COMMON_BLOCKS = YES;
				GCC_WARN_64_TO_32_BIT_CONVERSION = YES;
				GCC_WARN_ABOUT_RETURN_TYPE = YES_ERROR;
				GCC_WARN_UNDECLARED_SELECTOR = YES;
				GCC_WARN_UNINITIALIZED_AUTOS = YES_AGGRESSIVE;
				GCC_WARN_UNUSED_FUNCTION = YES;
				GCC_WARN_UNUSED_VARIABLE = YES;
				MTL_ENABLE_DEBUG_INFO = NO;
				SDKROOT = appletvos;
				SWIFT_OPTIMIZATION_LEVEL = "-Owholemodule";
				TVOS_DEPLOYMENT_TARGET = 11.0;
				VALIDATE_PRODUCT = YES;
			};
			name = Release;
		};
		F19FFBFE2017177600A36523 /* Debug */ = {
			isa = XCBuildConfiguration;
			buildSettings = {
				ASSETCATALOG_COMPILER_APPICON_NAME = "App Icon & Top Shelf Image";
				ASSETCATALOG_COMPILER_LAUNCHIMAGE_NAME = LaunchImage;
				CODE_SIGN_STYLE = Automatic;
				DEVELOPMENT_TEAM = B35M48WGG6;
				INFOPLIST_FILE = BereanBible/Info.plist;
				LD_RUNPATH_SEARCH_PATHS = "$(inherited) @executable_path/Frameworks";
				PRODUCT_BUNDLE_IDENTIFIER = com.bereanbible3016;
				PRODUCT_NAME = "$(TARGET_NAME)";
				SWIFT_VERSION = 4.0;
				TARGETED_DEVICE_FAMILY = 3;
			};
			name = Debug;
		};
		F19FFBFF2017177600A36523 /* Release */ = {
			isa = XCBuildConfiguration;
			buildSettings = {
				ASSETCATALOG_COMPILER_APPICON_NAME = "App Icon & Top Shelf Image";
				ASSETCATALOG_COMPILER_LAUNCHIMAGE_NAME = LaunchImage;
				CODE_SIGN_STYLE = Automatic;
				DEVELOPMENT_TEAM = B35M48WGG6;
				INFOPLIST_FILE = BereanBible/Info.plist;
				LD_RUNPATH_SEARCH_PATHS = "$(inherited) @executable_path/Frameworks";
				PRODUCT_BUNDLE_IDENTIFIER = com.bereanbible3016;
				PRODUCT_NAME = "$(TARGET_NAME)";
				SWIFT_VERSION = 4.0;
				TARGETED_DEVICE_FAMILY = 3;
			};
			name = Release;
		};
		F19FFC012017177600A36523 /* Debug */ = {
			isa = XCBuildConfiguration;
			buildSettings = {
				ALWAYS_EMBED_SWIFT_STANDARD_LIBRARIES = YES;
				BUNDLE_LOADER = "$(TEST_HOST)";
				CODE_SIGN_STYLE = Automatic;
				DEVELOPMENT_TEAM = B35M48WGG6;
				INFOPLIST_FILE = BereanBibleTests/Info.plist;
				LD_RUNPATH_SEARCH_PATHS = "$(inherited) @executable_path/Frameworks @loader_path/Frameworks";
				PRODUCT_BUNDLE_IDENTIFIER = com.ubcnativeapp.BereanBibleTests;
				PRODUCT_NAME = "$(TARGET_NAME)";
				SWIFT_VERSION = 4.0;
				TARGETED_DEVICE_FAMILY = 3;
				TEST_HOST = "$(BUILT_PRODUCTS_DIR)/BereanBible.app/BereanBible";
			};
			name = Debug;
		};
		F19FFC022017177600A36523 /* Release */ = {
			isa = XCBuildConfiguration;
			buildSettings = {
				ALWAYS_EMBED_SWIFT_STANDARD_LIBRARIES = YES;
				BUNDLE_LOADER = "$(TEST_HOST)";
				CODE_SIGN_STYLE = Automatic;
				DEVELOPMENT_TEAM = B35M48WGG6;
				INFOPLIST_FILE = BereanBibleTests/Info.plist;
				LD_RUNPATH_SEARCH_PATHS = "$(inherited) @executable_path/Frameworks @loader_path/Frameworks";
				PRODUCT_BUNDLE_IDENTIFIER = com.ubcnativeapp.BereanBibleTests;
				PRODUCT_NAME = "$(TARGET_NAME)";
				SWIFT_VERSION = 4.0;
				TARGETED_DEVICE_FAMILY = 3;
				TEST_HOST = "$(BUILT_PRODUCTS_DIR)/BereanBible.app/BereanBible";
			};
			name = Release;
		};
		F19FFC042017177600A36523 /* Debug */ = {
			isa = XCBuildConfiguration;
			buildSettings = {
				ALWAYS_EMBED_SWIFT_STANDARD_LIBRARIES = YES;
				CODE_SIGN_STYLE = Automatic;
				DEVELOPMENT_TEAM = B35M48WGG6;
				INFOPLIST_FILE = BereanBibleUITests/Info.plist;
				LD_RUNPATH_SEARCH_PATHS = "$(inherited) @executable_path/Frameworks @loader_path/Frameworks";
				PRODUCT_BUNDLE_IDENTIFIER = com.ubcnativeapp.BereanBibleUITests;
				PRODUCT_NAME = "$(TARGET_NAME)";
				SWIFT_VERSION = 4.0;
				TARGETED_DEVICE_FAMILY = 3;
				TEST_TARGET_NAME = BereanBible;
			};
			name = Debug;
		};
		F19FFC052017177600A36523 /* Release */ = {
			isa = XCBuildConfiguration;
			buildSettings = {
				ALWAYS_EMBED_SWIFT_STANDARD_LIBRARIES = YES;
				CODE_SIGN_STYLE = Automatic;
				DEVELOPMENT_TEAM = B35M48WGG6;
				INFOPLIST_FILE = BereanBibleUITests/Info.plist;
				LD_RUNPATH_SEARCH_PATHS = "$(inherited) @executable_path/Frameworks @loader_path/Frameworks";
				PRODUCT_BUNDLE_IDENTIFIER = com.ubcnativeapp.BereanBibleUITests;
				PRODUCT_NAME = "$(TARGET_NAME)";
				SWIFT_VERSION = 4.0;
				TARGETED_DEVICE_FAMILY = 3;
				TEST_TARGET_NAME = BereanBible;
			};
			name = Release;
		};
/* End XCBuildConfiguration section */

/* Begin XCConfigurationList section */
		F19FFBD72017177500A36523 /* Build configuration list for PBXProject "BereanBible" */ = {
			isa = XCConfigurationList;
			buildConfigurations = (
				F19FFBFB2017177600A36523 /* Debug */,
				F19FFBFC2017177600A36523 /* Release */,
			);
			defaultConfigurationIsVisible = 0;
			defaultConfigurationName = Release;
		};
		F19FFBFD2017177600A36523 /* Build configuration list for PBXNativeTarget "BereanBible" */ = {
			isa = XCConfigurationList;
			buildConfigurations = (
				F19FFBFE2017177600A36523 /* Debug */,
				F19FFBFF2017177600A36523 /* Release */,
			);
			defaultConfigurationIsVisible = 0;
			defaultConfigurationName = Release;
		};
		F19FFC002017177600A36523 /* Build configuration list for PBXNativeTarget "BereanBibleTests" */ = {
			isa = XCConfigurationList;
			buildConfigurations = (
				F19FFC012017177600A36523 /* Debug */,
				F19FFC022017177600A36523 /* Release */,
			);
			defaultConfigurationIsVisible = 0;
			defaultConfigurationName = Release;
		};
		F19FFC032017177600A36523 /* Build configuration list for PBXNativeTarget "BereanBibleUITests" */ = {
			isa = XCConfigurationList;
			buildConfigurations = (
				F19FFC042017177600A36523 /* Debug */,
				F19FFC052017177600A36523 /* Release */,
			);
			defaultConfigurationIsVisible = 0;
			defaultConfigurationName = Release;
		};
/* End XCConfigurationList section */
	};
	rootObject = F19FFBD42017177500A36523 /* Project object */;
}
